// !$*UTF8*$!
{
	archiveVersion = 1;
	classes = {
	};
	objectVersion = 46;
	objects = {

/* Begin PBXBuildFile section */
		11DB1FD614E40D8C009100E0 /* UIKit.framework in Frameworks */ = {isa = PBXBuildFile; fileRef = 11DB1FD514E40D8C009100E0 /* UIKit.framework */; };
		11DB1FD814E40D8C009100E0 /* Foundation.framework in Frameworks */ = {isa = PBXBuildFile; fileRef = 11DB1FD714E40D8C009100E0 /* Foundation.framework */; };
		11DB1FDA14E40D8C009100E0 /* CoreGraphics.framework in Frameworks */ = {isa = PBXBuildFile; fileRef = 11DB1FD914E40D8C009100E0 /* CoreGraphics.framework */; };
		11DB1FE014E40D8C009100E0 /* InfoPlist.strings in Resources */ = {isa = PBXBuildFile; fileRef = 11DB1FDE14E40D8C009100E0 /* InfoPlist.strings */; };
		11DB1FE214E40D8C009100E0 /* main.m in Sources */ = {isa = PBXBuildFile; fileRef = 11DB1FE114E40D8C009100E0 /* main.m */; };
		11DB1FE614E40D8C009100E0 /* ZCAppDelegate.m in Sources */ = {isa = PBXBuildFile; fileRef = 11DB1FE514E40D8C009100E0 /* ZCAppDelegate.m */; };
/* End PBXBuildFile section */

/* Begin PBXFileReference section */
		11DB1FD114E40D8B009100E0 /* ZCLoop.app */ = {isa = PBXFileReference; explicitFileType = wrapper.application; includeInIndex = 0; path = ZCLoop.app; sourceTree = BUILT_PRODUCTS_DIR; };
		11DB1FD514E40D8C009100E0 /* UIKit.framework */ = {isa = PBXFileReference; lastKnownFileType = wrapper.framework; name = UIKit.framework; path = System/Library/Frameworks/UIKit.framework; sourceTree = SDKROOT; };
		11DB1FD714E40D8C009100E0 /* Foundation.framework */ = {isa = PBXFileReference; lastKnownFileType = wrapper.framework; name = Foundation.framework; path = System/Library/Frameworks/Foundation.framework; sourceTree = SDKROOT; };
		11DB1FD914E40D8C009100E0 /* CoreGraphics.framework */ = {isa = PBXFileReference; lastKnownFileType = wrapper.framework; name = CoreGraphics.framework; path = System/Library/Frameworks/CoreGraphics.framework; sourceTree = SDKROOT; };
		11DB1FDD14E40D8C009100E0 /* ZCLoop-Info.plist */ = {isa = PBXFileReference; path = "ZCLoop-Info.plist"; sourceTree = "<group>"; };
		11DB1FDF14E40D8C009100E0 /* en */ = {isa = PBXFileReference; lastKnownFileType = text.plist.strings; name = en; path = en.lproj/InfoPlist.strings; sourceTree = "<group>"; };
		11DB1FE114E40D8C009100E0 /* main.m */ = {isa = PBXFileReference; lastKnownFileType = sourcecode.c.objc; path = main.m; sourceTree = "<group>"; };
		11DB1FE314E40D8C009100E0 /* ZCLoop-Prefix.pch */ = {isa = PBXFileReference; path = "ZCLoop-Prefix.pch"; sourceTree = "<group>"; };
		11DB1FE414E40D8C009100E0 /* ZCAppDelegate.h */ = {isa = PBXFileReference; path = ZCAppDelegate.h; sourceTree = "<group>"; };
		11DB1FE514E40D8C009100E0 /* ZCAppDelegate.m */ = {isa = PBXFileReference; lastKnownFileType = sourcecode.c.objc; path = ZCAppDelegate.m; sourceTree = "<group>"; };
/* End PBXFileReference section */

/* Begin PBXFrameworksBuildPhase section */
		11DB1FCE14E40D8B009100E0 /* Frameworks */ = {
			isa = PBXFrameworksBuildPhase;
			buildActionMask = 2147483647;
			files = (
				11DB1FD614E40D8C009100E0 /* UIKit.framework in Frameworks */,
				11DB1FD814E40D8C009100E0 /* Foundation.framework in Frameworks */,
				11DB1FDA14E40D8C009100E0 /* CoreGraphics.framework in Frameworks */,
			);
			runOnlyForDeploymentPostprocessing = 0;
		};
/* End PBXFrameworksBuildPhase section */

/* Begin PBXGroup section */
		11DB1FC614E40D8B009100E0 = {
			isa = PBXGroup;
			children = (
				11DB1FDB14E40D8C009100E0 /* ZCLoop */,
				11DB1FD414E40D8B009100E0 /* Frameworks */,
				11DB1FD214E40D8B009100E0 /* Products */,
			);
			sourceTree = "<group>";
		};
		11DB1FD214E40D8B009100E0 /* Products */ = {
			isa = PBXGroup;
			children = (
				11DB1FD114E40D8B009100E0 /* ZCLoop.app */,
			);
			name = Products;
			sourceTree = "<group>";
		};
		11DB1FD414E40D8B009100E0 /* Frameworks */ = {
			isa = PBXGroup;
			children = (
				11DB1FD514E40D8C009100E0 /* UIKit.framework */,
				11DB1FD714E40D8C009100E0 /* Foundation.framework */,
				11DB1FD914E40D8C009100E0 /* CoreGraphics.framework */,
			);
			name = Frameworks;
			sourceTree = "<group>";
		};
		11DB1FDB14E40D8C009100E0 /* ZCLoop */ = {
			isa = PBXGroup;
			children = (
				11DB1FE414E40D8C009100E0 /* ZCAppDelegate.h */,
				11DB1FE514E40D8C009100E0 /* ZCAppDelegate.m */,
				11DB1FDC14E40D8C009100E0 /* Supporting Files */,
			);
			path = ZCLoop;
			sourceTree = "<group>";
		};
		11DB1FDC14E40D8C009100E0 /* Supporting Files */ = {
			isa = PBXGroup;
			children = (
				11DB1FDD14E40D8C009100E0 /* ZCLoop-Info.plist */,
				11DB1FDE14E40D8C009100E0 /* InfoPlist.strings */,
				11DB1FE114E40D8C009100E0 /* main.m */,
				11DB1FE314E40D8C009100E0 /* ZCLoop-Prefix.pch */,
			);
			name = "Supporting Files";
			sourceTree = "<group>";
		};
/* End PBXGroup section */

/* Begin PBXNativeTarget section */
		11DB1FD014E40D8B009100E0 /* ZCLoop */ = {
			isa = PBXNativeTarget;
			buildConfigurationList = 11DB1FE914E40D8C009100E0 /* Build configuration list for PBXNativeTarget "ZCLoop" */;
			buildPhases = (
				11DB1FCD14E40D8B009100E0 /* Sources */,
				11DB1FCE14E40D8B009100E0 /* Frameworks */,
				11DB1FCF14E40D8B009100E0 /* Resources */,
			);
			buildRules = (
			);
			dependencies = (
			);
			name = ZCLoop;
			productName = ZCLoop;
			productReference = 11DB1FD114E40D8B009100E0 /* ZCLoop.app */;
			productType = "com.apple.product-type.application";
		};
/* End PBXNativeTarget section */

/* Begin PBXProject section */
		11DB1FC814E40D8B009100E0 /* Project object */ = {
			isa = PBXProject;
			attributes = {
				LastUpgradeCheck = 0420;
				ORGANIZATIONNAME = "nikita@zencode.ru";
			};
			buildConfigurationList = 11DB1FCB14E40D8B009100E0 /* Build configuration list for PBXProject "ZCLoop" */;
			compatibilityVersion = "Xcode 3.2";
			developmentRegion = English;
			hasScannedForEncodings = 0;
			knownRegions = (
				en,
			);
			mainGroup = 11DB1FC614E40D8B009100E0;
			productRefGroup = 11DB1FD214E40D8B009100E0 /* Products */;
			projectDirPath = "";
			projectRoot = "";
			targets = (
				11DB1FD014E40D8B009100E0 /* ZCLoop */,
			);
		};
/* End PBXProject section */

/* Begin PBXResourcesBuildPhase section */
		11DB1FCF14E40D8B009100E0 /* Resources */ = {
			isa = PBXResourcesBuildPhase;
			buildActionMask = 2147483647;
			files = (
				11DB1FE014E40D8C009100E0 /* InfoPlist.strings in Resources */,
			);
			runOnlyForDeploymentPostprocessing = 0;
		};
/* End PBXResourcesBuildPhase section */

/* Begin PBXSourcesBuildPhase section */
		11DB1FCD14E40D8B009100E0 /* Sources */ = {
			isa = PBXSourcesBuildPhase;
			buildActionMask = 2147483647;
			files = (
				11DB1FE214E40D8C009100E0 /* main.m in Sources */,
				11DB1FE614E40D8C009100E0 /* ZCAppDelegate.m in Sources */,
			);
			runOnlyForDeploymentPostprocessing = 0;
		};
/* End PBXSourcesBuildPhase section */

/* Begin PBXVariantGroup section */
		11DB1FDE14E40D8C009100E0 /* InfoPlist.strings */ = {
			isa = PBXVariantGroup;
			children = (
				11DB1FDF14E40D8C009100E0 /* en */,
			);
			name = InfoPlist.strings;
			sourceTree = "<group>";
		};
/* End PBXVariantGroup section */

/* Begin XCBuildConfiguration section */
		11DB1FE714E40D8C009100E0 /* Debug */ = {
			isa = XCBuildConfiguration;
			buildSettings = {
				ALWAYS_SEARCH_USER_PATHS = NO;
				ARCHS = "$(ARCHS_STANDARD_32_BIT)";
				CLANG_ENABLE_OBJC_ARC = YES;
				"CODE_SIGN_IDENTITY[sdk=iphoneos*]" = "iPhone Developer";
				COPY_PHASE_STRIP = NO;
				GCC_C_LANGUAGE_STANDARD = gnu99;
				GCC_DYNAMIC_NO_PIC = NO;
				GCC_OPTIMIZATION_LEVEL = 0;
				GCC_PREPROCESSOR_DEFINITIONS = (
					"DEBUG=1",
					"$(inherited)",
				);
				GCC_SYMBOLS_PRIVATE_EXTERN = NO;
				GCC_VERSION = com.apple.compilers.llvm.clang.1_0;
				GCC_WARN_ABOUT_MISSING_PROTOTYPES = YES;
				GCC_WARN_ABOUT_RETURN_TYPE = YES;
				GCC_WARN_UNUSED_VARIABLE = YES;
				IPHONEOS_DEPLOYMENT_TARGET = 5.0;
				SDKROOT = iphoneos;
			};
			name = Debug;
		};
		11DB1FE814E40D8C009100E0 /* Release */ = {
			isa = XCBuildConfiguration;
			buildSettings = {
				ALWAYS_SEARCH_USER_PATHS = NO;
				ARCHS = "$(ARCHS_STANDARD_32_BIT)";
				CLANG_ENABLE_OBJC_ARC = YES;
				"CODE_SIGN_IDENTITY[sdk=iphoneos*]" = "iPhone Developer";
				COPY_PHASE_STRIP = YES;
				GCC_C_LANGUAGE_STANDARD = gnu99;
				GCC_VERSION = com.apple.compilers.llvm.clang.1_0;
				GCC_WARN_ABOUT_MISSING_PROTOTYPES = YES;
				GCC_WARN_ABOUT_RETURN_TYPE = YES;
				GCC_WARN_UNUSED_VARIABLE = YES;
				IPHONEOS_DEPLOYMENT_TARGET = 5.0;
				OTHER_CFLAGS = "-DNS_BLOCK_ASSERTIONS=1";
				SDKROOT = iphoneos;
				VALIDATE_PRODUCT = YES;
			};
			name = Release;
		};
		11DB1FEA14E40D8C009100E0 /* Debug */ = {
			isa = XCBuildConfiguration;
			buildSettings = {
				GCC_PRECOMPILE_PREFIX_HEADER = YES;
				GCC_PREFIX_HEADER = "ZCLoop/ZCLoop-Prefix.pch";
				INFOPLIST_FILE = "ZCLoop/ZCLoop-Info.plist";
				PRODUCT_NAME = "$(TARGET_NAME)";
				WRAPPER_EXTENSION = app;
			};
			name = Debug;
		};
		11DB1FEB14E40D8C009100E0 /* Release */ = {
			isa = XCBuildConfiguration;
			buildSettings = {
				GCC_PRECOMPILE_PREFIX_HEADER = YES;
				GCC_PREFIX_HEADER = "ZCLoop/ZCLoop-Prefix.pch";
				INFOPLIST_FILE = "ZCLoop/ZCLoop-Info.plist";
				PRODUCT_NAME = "$(TARGET_NAME)";
				WRAPPER_EXTENSION = app;
			};
			name = Release;
		};
/* End XCBuildConfiguration section */

/* Begin XCConfigurationList section */
		11DB1FCB14E40D8B009100E0 /* Build configuration list for PBXProject "ZCLoop" */ = {
			isa = XCConfigurationList;
			buildConfigurations = (
				11DB1FE714E40D8C009100E0 /* Debug */,
				11DB1FE814E40D8C009100E0 /* Release */,
			);
			defaultConfigurationIsVisible = 0;
			defaultConfigurationName = Release;
		};
		11DB1FE914E40D8C009100E0 /* Build configuration list for PBXNativeTarget "ZCLoop" */ = {
			isa = XCConfigurationList;
			buildConfigurations = (
				11DB1FEA14E40D8C009100E0 /* Debug */,
				11DB1FEB14E40D8C009100E0 /* Release */,
			);
			defaultConfigurationIsVisible = 0;
		};
/* End XCConfigurationList section */
	};
	rootObject = 11DB1FC814E40D8B009100E0 /* Project object */;
}
